
Microsoft Visual Studio Solution File, Format Version 12.00
# Visual Studio Version 17
VisualStudioVersion = 17.13.35825.156 d17.13
MinimumVisualStudioVersion = 10.0.40219.1
Project("{FAE04EC0-301F-11D3-BF4B-00C04F79EFBC}") = "ContentModerationApp", "ContentSafetyApp\ContentModerationApp.csproj", "{C25ED567-ACDC-4829-9531-ACDD3AFB90EA}"
EndProject
Global
	GlobalSection(SolutionConfigurationPlatforms) = preSolution
		Debug|Any CPU = Debug|Any CPU
		Release|Any CPU = Release|Any CPU
	EndGlobalSection
	GlobalSection(ProjectConfigurationPlatforms) = postSolution
		{C25ED567-ACDC-4829-9531-ACDD3AFB90EA}.Debug|Any CPU.ActiveCfg = Debug|Any CPU
		{C25ED567-ACDC-4829-9531-ACDD3AFB90EA}.Debug|Any CPU.Build.0 = Debug|Any CPU
		{C25ED567-ACDC-4829-9531-ACDD3AFB90EA}.Release|Any CPU.ActiveCfg = Release|Any CPU
		{C25ED567-ACDC-4829-9531-ACDD3AFB90EA}.Release|Any CPU.Build.0 = Release|Any CPU
	EndGlobalSection
	GlobalSection(SolutionProperties) = preSolution
		HideSolutionNode = FALSE
	EndGlobalSection
	GlobalSection(ExtensibilityGlobals) = postSolution
		SolutionGuid = {47878C53-C9D6-4A5B-8879-54BA13EA81D4}
	EndGlobalSection
EndGlobal
